
Microsoft Visual Studio Solution File, Format Version 12.00
# Visual Studio Version 17
VisualStudioVersion = 17.11.35312.102
MinimumVisualStudioVersion = 10.0.40219.1
Project("{FAE04EC0-301F-11D3-BF4B-00C04F79EFBC}") = "ClassReusin", "ClassReusin\ClassReusin.csproj", "{20900D71-52D4-41B2-BA0D-5A69B90BF494}"
EndProject
Global
	GlobalSection(SolutionConfigurationPlatforms) = preSolution
		Debug|Any CPU = Debug|Any CPU
		Release|Any CPU = Release|Any CPU
	EndGlobalSection
	GlobalSection(ProjectConfigurationPlatforms) = postSolution
		{20900D71-52D4-41B2-BA0D-5A69B90BF494}.Debug|Any CPU.ActiveCfg = Debug|Any CPU
		{20900D71-52D4-41B2-BA0D-5A69B90BF494}.Debug|Any CPU.Build.0 = Debug|Any CPU
		{20900D71-52D4-41B2-BA0D-5A69B90BF494}.Release|Any CPU.ActiveCfg = Release|Any CPU
		{20900D71-52D4-41B2-BA0D-5A69B90BF494}.Release|Any CPU.Build.0 = Release|Any CPU
	EndGlobalSection
	GlobalSection(SolutionProperties) = preSolution
		HideSolutionNode = FALSE
	EndGlobalSection
	GlobalSection(ExtensibilityGlobals) = postSolution
		SolutionGuid = {3162D172-BAC1-4C24-B022-A73755EBAA3C}
	EndGlobalSection
EndGlobal
